
Microsoft Visual Studio Solution File, Format Version 12.00
# Visual Studio 15
Project("{FAE04EC0-301F-11D3-BF4B-00C04F79EFBC}") = "Assembly-CSharp", "Assembly-CSharp.csproj", "{1E952E65-44CF-C2A2-7336-1FDB7CFF022D}"
EndProject
Project("{FAE04EC0-301F-11D3-BF4B-00C04F79EFBC}") = "Assembly-CSharp-Editor", "Assembly-CSharp-Editor.csproj", "{C36B7C61-E596-CD97-8DF0-D2C4128C1C6F}"
EndProject
Global
	GlobalSection(SolutionConfigurationPlatforms) = preSolution
		Debug|Any CPU = Debug|Any CPU
		Release|Any CPU = Release|Any CPU
	EndGlobalSection
	GlobalSection(ProjectConfigurationPlatforms) = postSolution
		{1E952E65-44CF-C2A2-7336-1FDB7CFF022D}.Debug|Any CPU.ActiveCfg = Debug|Any CPU
		{1E952E65-44CF-C2A2-7336-1FDB7CFF022D}.Debug|Any CPU.Build.0 = Debug|Any CPU
		{1E952E65-44CF-C2A2-7336-1FDB7CFF022D}.Release|Any CPU.ActiveCfg = Release|Any CPU
		{1E952E65-44CF-C2A2-7336-1FDB7CFF022D}.Release|Any CPU.Build.0 = Release|Any CPU
		{C36B7C61-E596-CD97-8DF0-D2C4128C1C6F}.Debug|Any CPU.ActiveCfg = Debug|Any CPU
		{C36B7C61-E596-CD97-8DF0-D2C4128C1C6F}.Debug|Any CPU.Build.0 = Debug|Any CPU
		{C36B7C61-E596-CD97-8DF0-D2C4128C1C6F}.Release|Any CPU.ActiveCfg = Release|Any CPU
		{C36B7C61-E596-CD97-8DF0-D2C4128C1C6F}.Release|Any CPU.Build.0 = Release|Any CPU
	EndGlobalSection
	GlobalSection(SolutionProperties) = preSolution
		HideSolutionNode = FALSE
	EndGlobalSection
EndGlobal
